
Microsoft Visual Studio Solution File, Format Version 12.00
# Visual Studio Version 17
VisualStudioVersion = 17.1.32210.238
MinimumVisualStudioVersion = 10.0.40219.1
Project("{9A19103F-16F7-4668-BE54-9A1E7A4F7556}") = "Shopping.Client", "Shopping.Client\Shopping.Client.csproj", "{379F8B5D-EA95-4FF4-9086-3D899C6DC994}"
EndProject
Project("{9A19103F-16F7-4668-BE54-9A1E7A4F7556}") = "Shopping.API", "Shopping.API\Shopping.API.csproj", "{7EAE3F28-DA7F-4074-B733-A33AFE9D11B9}"
EndProject
Project("{E53339B2-1760-4266-BCC7-CA923CBCF16C}") = "docker-compose", "docker-compose.dcproj", "{C657D1D0-1B0D-4E63-B991-FAEA25025108}"
EndProject
Global
	GlobalSection(SolutionConfigurationPlatforms) = preSolution
		Debug|Any CPU = Debug|Any CPU
		Release|Any CPU = Release|Any CPU
	EndGlobalSection
	GlobalSection(ProjectConfigurationPlatforms) = postSolution
		{379F8B5D-EA95-4FF4-9086-3D899C6DC994}.Debug|Any CPU.ActiveCfg = Debug|Any CPU
		{379F8B5D-EA95-4FF4-9086-3D899C6DC994}.Debug|Any CPU.Build.0 = Debug|Any CPU
		{379F8B5D-EA95-4FF4-9086-3D899C6DC994}.Release|Any CPU.ActiveCfg = Release|Any CPU
		{379F8B5D-EA95-4FF4-9086-3D899C6DC994}.Release|Any CPU.Build.0 = Release|Any CPU
		{7EAE3F28-DA7F-4074-B733-A33AFE9D11B9}.Debug|Any CPU.ActiveCfg = Debug|Any CPU
		{7EAE3F28-DA7F-4074-B733-A33AFE9D11B9}.Debug|Any CPU.Build.0 = Debug|Any CPU
		{7EAE3F28-DA7F-4074-B733-A33AFE9D11B9}.Release|Any CPU.ActiveCfg = Release|Any CPU
		{7EAE3F28-DA7F-4074-B733-A33AFE9D11B9}.Release|Any CPU.Build.0 = Release|Any CPU
		{C657D1D0-1B0D-4E63-B991-FAEA25025108}.Debug|Any CPU.ActiveCfg = Debug|Any CPU
		{C657D1D0-1B0D-4E63-B991-FAEA25025108}.Debug|Any CPU.Build.0 = Debug|Any CPU
		{C657D1D0-1B0D-4E63-B991-FAEA25025108}.Release|Any CPU.ActiveCfg = Release|Any CPU
		{C657D1D0-1B0D-4E63-B991-FAEA25025108}.Release|Any CPU.Build.0 = Release|Any CPU
	EndGlobalSection
	GlobalSection(SolutionProperties) = preSolution
		HideSolutionNode = FALSE
	EndGlobalSection
	GlobalSection(ExtensibilityGlobals) = postSolution
		SolutionGuid = {16FBF6CE-EB33-4606-96B5-A9B24D0060C8}
	EndGlobalSection
EndGlobal
